
Microsoft Visual Studio Solution File, Format Version 12.00
# Visual Studio 15
VisualStudioVersion = 15.0.26430.14
MinimumVisualStudioVersion = 10.0.40219.1
Project("{2150E333-8FDC-42A3-9474-1A3956D46DE8}") = "Solution Items", "Solution Items", "{56814D4D-84AE-4AA1-8F9A-6B41912315EB}"
	ProjectSection(SolutionItems) = preProject
		..\LICENSE.md = ..\LICENSE.md
		..\README.md = ..\README.md
	EndProjectSection
EndProject
Project("{8BC9CEB8-8B4A-11D0-8D11-00A0C91BC942}") = "ulib", "ulib\ulib.vcxproj", "{85AC59DD-F1E7-497C-9182-460B557ED473}"
EndProject
Project("{8BC9CEB8-8B4A-11D0-8D11-00A0C91BC942}") = "test", "test\test.vcxproj", "{8BC56946-ACA8-4BB4-AF40-DED795CA340C}"
EndProject
Project("{8BC9CEB8-8B4A-11D0-8D11-00A0C91BC942}") = "doxygen", "doxygen\doxygen.vcxproj", "{DF66E67D-C822-4E08-9945-BD25BF0F04AA}"
EndProject
Project("{8BC9CEB8-8B4A-11D0-8D11-00A0C91BC942}") = "cppcheck", "cppcheck\cppcheck.vcxproj", "{EEB53266-17FE-4F51-8251-12082F359AA9}"
EndProject
Global
	GlobalSection(SolutionConfigurationPlatforms) = preSolution
		Debug|x64 = Debug|x64
		Debug|x86 = Debug|x86
		Default|x64 = Default|x64
		Default|x86 = Default|x86
		Release|x64 = Release|x64
		Release|x86 = Release|x86
	EndGlobalSection
	GlobalSection(ProjectConfigurationPlatforms) = postSolution
		{85AC59DD-F1E7-497C-9182-460B557ED473}.Debug|x64.ActiveCfg = Debug|x64
		{85AC59DD-F1E7-497C-9182-460B557ED473}.Debug|x64.Build.0 = Debug|x64
		{85AC59DD-F1E7-497C-9182-460B557ED473}.Debug|x86.ActiveCfg = Debug|Win32
		{85AC59DD-F1E7-497C-9182-460B557ED473}.Debug|x86.Build.0 = Debug|Win32
		{85AC59DD-F1E7-497C-9182-460B557ED473}.Default|x64.ActiveCfg = Debug|x64
		{85AC59DD-F1E7-497C-9182-460B557ED473}.Default|x64.Build.0 = Debug|x64
		{85AC59DD-F1E7-497C-9182-460B557ED473}.Default|x86.ActiveCfg = Debug|Win32
		{85AC59DD-F1E7-497C-9182-460B557ED473}.Default|x86.Build.0 = Debug|Win32
		{85AC59DD-F1E7-497C-9182-460B557ED473}.Release|x64.ActiveCfg = Release|x64
		{85AC59DD-F1E7-497C-9182-460B557ED473}.Release|x64.Build.0 = Release|x64
		{85AC59DD-F1E7-497C-9182-460B557ED473}.Release|x86.ActiveCfg = Release|Win32
		{85AC59DD-F1E7-497C-9182-460B557ED473}.Release|x86.Build.0 = Release|Win32
		{8BC56946-ACA8-4BB4-AF40-DED795CA340C}.Debug|x64.ActiveCfg = Debug|x64
		{8BC56946-ACA8-4BB4-AF40-DED795CA340C}.Debug|x64.Build.0 = Debug|x64
		{8BC56946-ACA8-4BB4-AF40-DED795CA340C}.Debug|x86.ActiveCfg = Debug|Win32
		{8BC56946-ACA8-4BB4-AF40-DED795CA340C}.Debug|x86.Build.0 = Debug|Win32
		{8BC56946-ACA8-4BB4-AF40-DED795CA340C}.Default|x64.ActiveCfg = Debug|x64
		{8BC56946-ACA8-4BB4-AF40-DED795CA340C}.Default|x64.Build.0 = Debug|x64
		{8BC56946-ACA8-4BB4-AF40-DED795CA340C}.Default|x64.Deploy.0 = Debug|x64
		{8BC56946-ACA8-4BB4-AF40-DED795CA340C}.Default|x86.ActiveCfg = Debug|Win32
		{8BC56946-ACA8-4BB4-AF40-DED795CA340C}.Default|x86.Build.0 = Debug|Win32
		{8BC56946-ACA8-4BB4-AF40-DED795CA340C}.Default|x86.Deploy.0 = Debug|Win32
		{8BC56946-ACA8-4BB4-AF40-DED795CA340C}.Release|x64.ActiveCfg = Release|x64
		{8BC56946-ACA8-4BB4-AF40-DED795CA340C}.Release|x64.Build.0 = Release|x64
		{8BC56946-ACA8-4BB4-AF40-DED795CA340C}.Release|x86.ActiveCfg = Release|Win32
		{8BC56946-ACA8-4BB4-AF40-DED795CA340C}.Release|x86.Build.0 = Release|Win32
		{DF66E67D-C822-4E08-9945-BD25BF0F04AA}.Debug|x64.ActiveCfg = Default|Win32
		{DF66E67D-C822-4E08-9945-BD25BF0F04AA}.Debug|x64.Build.0 = Default|Win32
		{DF66E67D-C822-4E08-9945-BD25BF0F04AA}.Debug|x86.ActiveCfg = Default|Win32
		{DF66E67D-C822-4E08-9945-BD25BF0F04AA}.Debug|x86.Build.0 = Default|Win32
		{DF66E67D-C822-4E08-9945-BD25BF0F04AA}.Default|x64.ActiveCfg = Default|Win32
		{DF66E67D-C822-4E08-9945-BD25BF0F04AA}.Default|x86.ActiveCfg = Default|Win32
		{DF66E67D-C822-4E08-9945-BD25BF0F04AA}.Default|x86.Build.0 = Default|Win32
		{DF66E67D-C822-4E08-9945-BD25BF0F04AA}.Release|x64.ActiveCfg = Default|Win32
		{DF66E67D-C822-4E08-9945-BD25BF0F04AA}.Release|x64.Build.0 = Default|Win32
		{DF66E67D-C822-4E08-9945-BD25BF0F04AA}.Release|x86.ActiveCfg = Default|Win32
		{DF66E67D-C822-4E08-9945-BD25BF0F04AA}.Release|x86.Build.0 = Default|Win32
		{EEB53266-17FE-4F51-8251-12082F359AA9}.Debug|x64.ActiveCfg = Default|Win32
		{EEB53266-17FE-4F51-8251-12082F359AA9}.Debug|x64.Build.0 = Default|Win32
		{EEB53266-17FE-4F51-8251-12082F359AA9}.Debug|x86.ActiveCfg = Default|Win32
		{EEB53266-17FE-4F51-8251-12082F359AA9}.Debug|x86.Build.0 = Default|Win32
		{EEB53266-17FE-4F51-8251-12082F359AA9}.Default|x64.ActiveCfg = Default|Win32
		{EEB53266-17FE-4F51-8251-12082F359AA9}.Default|x86.ActiveCfg = Default|Win32
		{EEB53266-17FE-4F51-8251-12082F359AA9}.Default|x86.Build.0 = Default|Win32
		{EEB53266-17FE-4F51-8251-12082F359AA9}.Release|x64.ActiveCfg = Default|Win32
		{EEB53266-17FE-4F51-8251-12082F359AA9}.Release|x64.Build.0 = Default|Win32
		{EEB53266-17FE-4F51-8251-12082F359AA9}.Release|x86.ActiveCfg = Default|Win32
		{EEB53266-17FE-4F51-8251-12082F359AA9}.Release|x86.Build.0 = Default|Win32
	EndGlobalSection
	GlobalSection(SolutionProperties) = preSolution
		HideSolutionNode = FALSE
	EndGlobalSection
EndGlobal
