<?xml version="1.0" encoding="utf-8"?>
<Project ToolsVersion="4.0" xmlns="http://schemas.microsoft.com/developer/msbuild/2003">
  <ItemGroup>
    <Filter Include="Source Files">
      <UniqueIdentifier>{4FC737F1-C7A5-4376-A066-2A32D752A2FF}</UniqueIdentifier>
      <Extensions>cpp;c;cc;cxx;def;odl;idl;hpj;bat;asm;asmx</Extensions>
    </Filter>
    <Filter Include="Header Files">
      <UniqueIdentifier>{93995380-89BD-4b04-88EB-625FBE52EBFB}</UniqueIdentifier>
      <Extensions>h;hh;hpp;hxx;hm;inl;inc;xsd</Extensions>
    </Filter>
    <Filter Include="Public Include Files">
      <UniqueIdentifier>{d53e8a8c-b12d-4391-9e77-f97928e07e8e}</UniqueIdentifier>
    </Filter>
    <Filter Include="Public Include Files\unittest">
      <UniqueIdentifier>{8ca97f72-6650-45e5-9713-ed44c5f643ca}</UniqueIdentifier>
    </Filter>
    <Filter Include="Source Files\unittest">
      <UniqueIdentifier>{6c7ddc27-c7cf-474f-bd0f-bd4497b413e7}</UniqueIdentifier>
    </Filter>
    <Filter Include="Public Include Files\win32">
      <UniqueIdentifier>{45e94c10-659a-4778-bc14-69b290989a92}</UniqueIdentifier>
    </Filter>
    <Filter Include="Public Include Files\config">
      <UniqueIdentifier>{4e2c782e-7222-4282-9e45-80a40d2fe742}</UniqueIdentifier>
    </Filter>
    <Filter Include="Public Include Files\thread">
      <UniqueIdentifier>{563cbe98-6dd1-4f73-be60-df99c9f0eb98}</UniqueIdentifier>
    </Filter>
    <Filter Include="Source Files\thread">
      <UniqueIdentifier>{0c07266a-6028-45c1-8db2-2811202c0dfd}</UniqueIdentifier>
    </Filter>
    <Filter Include="Source Files\win32">
      <UniqueIdentifier>{e70c2317-a0c9-4766-8e4a-78d2627ca736}</UniqueIdentifier>
    </Filter>
    <Filter Include="Source Files\stream">
      <UniqueIdentifier>{dab24f27-4663-4d46-abfb-986da8ee024a}</UniqueIdentifier>
    </Filter>
    <Filter Include="Public Include Files\stream">
      <UniqueIdentifier>{2c0292df-2e9a-490c-8fb0-89202200edce}</UniqueIdentifier>
    </Filter>
    <Filter Include="Public Include Files\log">
      <UniqueIdentifier>{593ff242-8012-4d95-b4dc-78db64e163b1}</UniqueIdentifier>
    </Filter>
    <Filter Include="Source Files\log">
      <UniqueIdentifier>{0ea52432-4b83-4e94-9bb9-a0b800e4c4c0}</UniqueIdentifier>
    </Filter>
  </ItemGroup>
  <ItemGroup>
    <ClInclude Include="stdafx.h">
      <Filter>Header Files</Filter>
    </ClInclude>
    <ClInclude Include="..\include\ulib\Path.hpp">
      <Filter>Public Include Files</Filter>
    </ClInclude>
    <ClInclude Include="..\include\ulib\Exception.hpp">
      <Filter>Public Include Files</Filter>
    </ClInclude>
    <ClInclude Include="..\include\ulib\Observer.hpp">
      <Filter>Public Include Files</Filter>
    </ClInclude>
    <ClInclude Include="..\include\ulib\SystemException.hpp">
      <Filter>Public Include Files</Filter>
    </ClInclude>
    <ClInclude Include="..\include\ulib\Timer.hpp">
      <Filter>Public Include Files</Filter>
    </ClInclude>
    <ClInclude Include="..\include\ulib\CommandLineParser.hpp">
      <Filter>Public Include Files</Filter>
    </ClInclude>
    <ClInclude Include="..\include\ulib\ProgramOptions.hpp">
      <Filter>Public Include Files</Filter>
    </ClInclude>
    <ClInclude Include="..\include\ulib\UTF8.hpp">
      <Filter>Public Include Files</Filter>
    </ClInclude>
    <ClInclude Include="..\include\ulib\DynamicLibrary.hpp">
      <Filter>Public Include Files</Filter>
    </ClInclude>
    <ClInclude Include="..\include\ulib\FileFinder.hpp">
      <Filter>Public Include Files</Filter>
    </ClInclude>
    <ClInclude Include="..\include\ulib\unittest\AutoCleanupFile.hpp">
      <Filter>Public Include Files\unittest</Filter>
    </ClInclude>
    <ClInclude Include="..\include\ulib\unittest\AutoCleanupFolder.hpp">
      <Filter>Public Include Files\unittest</Filter>
    </ClInclude>
    <ClInclude Include="..\include\ulib\CrashReporter.hpp">
      <Filter>Public Include Files</Filter>
    </ClInclude>
    <ClInclude Include="..\include\ulib\IoCContainer.hpp">
      <Filter>Public Include Files</Filter>
    </ClInclude>
    <ClInclude Include="..\include\ulib\config\Atl.hpp">
      <Filter>Public Include Files\config</Filter>
    </ClInclude>
    <ClInclude Include="..\include\ulib\config\Win32.hpp">
      <Filter>Public Include Files\config</Filter>
    </ClInclude>
    <ClInclude Include="..\include\ulib\win32\ErrorMessage.hpp">
      <Filter>Public Include Files\win32</Filter>
    </ClInclude>
    <ClInclude Include="..\include\ulib\win32\IniFile.hpp">
      <Filter>Public Include Files\win32</Filter>
    </ClInclude>
    <ClInclude Include="..\include\ulib\win32\Process.hpp">
      <Filter>Public Include Files\win32</Filter>
    </ClInclude>
    <ClInclude Include="..\include\ulib\thread\LightweightMutex.hpp">
      <Filter>Public Include Files\thread</Filter>
    </ClInclude>
    <ClInclude Include="..\include\ulib\thread\Mutex.hpp">
      <Filter>Public Include Files\thread</Filter>
    </ClInclude>
    <ClInclude Include="..\include\ulib\thread\MutexLock.hpp">
      <Filter>Public Include Files\thread</Filter>
    </ClInclude>
    <ClInclude Include="..\include\ulib\thread\ReaderWriterMutex.hpp">
      <Filter>Public Include Files\thread</Filter>
    </ClInclude>
    <ClInclude Include="..\include\ulib\thread\RecursiveMutex.hpp">
      <Filter>Public Include Files\thread</Filter>
    </ClInclude>
    <ClInclude Include="..\include\ulib\thread\Thread.hpp">
      <Filter>Public Include Files\thread</Filter>
    </ClInclude>
    <ClInclude Include="..\include\ulib\thread\Event.hpp">
      <Filter>Public Include Files\thread</Filter>
    </ClInclude>
    <ClInclude Include="..\include\ulib\win32\ResourceData.hpp">
      <Filter>Public Include Files\win32</Filter>
    </ClInclude>
    <ClInclude Include="..\include\ulib\config\Wtl.hpp">
      <Filter>Public Include Files\config</Filter>
    </ClInclude>
    <ClInclude Include="..\include\ulib\win32\DocHostUI.hpp">
      <Filter>Public Include Files\win32</Filter>
    </ClInclude>
    <ClInclude Include="..\include\ulib\stream\MemoryStream.hpp">
      <Filter>Public Include Files\stream</Filter>
    </ClInclude>
    <ClInclude Include="..\include\ulib\stream\StreamException.hpp">
      <Filter>Public Include Files\stream</Filter>
    </ClInclude>
    <ClInclude Include="..\include\ulib\stream\TextFileStream.hpp">
      <Filter>Public Include Files\stream</Filter>
    </ClInclude>
    <ClInclude Include="..\include\ulib\stream\TextStreamFilter.hpp">
      <Filter>Public Include Files\stream</Filter>
    </ClInclude>
    <ClInclude Include="..\include\ulib\stream\EndianAwareFilter.hpp">
      <Filter>Public Include Files\stream</Filter>
    </ClInclude>
    <ClInclude Include="..\include\ulib\stream\FileStream.hpp">
      <Filter>Public Include Files\stream</Filter>
    </ClInclude>
    <ClInclude Include="..\include\ulib\stream\IStream.hpp">
      <Filter>Public Include Files\stream</Filter>
    </ClInclude>
    <ClInclude Include="..\include\ulib\stream\ITextStream.hpp">
      <Filter>Public Include Files\stream</Filter>
    </ClInclude>
    <ClInclude Include="..\include\ulib\DateTime.hpp">
      <Filter>Public Include Files</Filter>
    </ClInclude>
    <ClInclude Include="..\include\ulib\TimeZone.hpp">
      <Filter>Public Include Files</Filter>
    </ClInclude>
    <ClInclude Include="..\include\ulib\TimeSpan.hpp">
      <Filter>Public Include Files</Filter>
    </ClInclude>
    <ClInclude Include="ISO8601Parser.hpp">
      <Filter>Header Files</Filter>
    </ClInclude>
    <ClInclude Include="TimeSpanImpl.hpp">
      <Filter>Header Files</Filter>
    </ClInclude>
    <ClInclude Include="..\include\ulib\log\AndroidLogcatAppender.hpp">
      <Filter>Public Include Files\log</Filter>
    </ClInclude>
    <ClInclude Include="..\include\ulib\log\Appender.hpp">
      <Filter>Public Include Files\log</Filter>
    </ClInclude>
    <ClInclude Include="..\include\ulib\log\ConsoleAppender.hpp">
      <Filter>Public Include Files\log</Filter>
    </ClInclude>
    <ClInclude Include="..\include\ulib\log\Layout.hpp">
      <Filter>Public Include Files\log</Filter>
    </ClInclude>
    <ClInclude Include="..\include\ulib\log\Log.hpp">
      <Filter>Public Include Files\log</Filter>
    </ClInclude>
    <ClInclude Include="..\include\ulib\log\Logger.hpp">
      <Filter>Public Include Files\log</Filter>
    </ClInclude>
    <ClInclude Include="..\include\ulib\log\LoggingEvent.hpp">
      <Filter>Public Include Files\log</Filter>
    </ClInclude>
    <ClInclude Include="..\include\ulib\log\OutputDebugStringAppender.hpp">
      <Filter>Public Include Files\log</Filter>
    </ClInclude>
    <ClInclude Include="..\include\ulib\log\PatternLayout.hpp">
      <Filter>Public Include Files\log</Filter>
    </ClInclude>
    <ClInclude Include="..\include\ulib\log\SimpleLayout.hpp">
      <Filter>Public Include Files\log</Filter>
    </ClInclude>
    <ClInclude Include="..\include\ulib\log\TextStreamAppender.hpp">
      <Filter>Public Include Files\log</Filter>
    </ClInclude>
    <ClInclude Include="..\include\ulib\config\Common.hpp">
      <Filter>Public Include Files\config</Filter>
    </ClInclude>
    <ClInclude Include="..\include\ulib\win32\Clipboard.hpp">
      <Filter>Public Include Files\win32</Filter>
    </ClInclude>
    <ClInclude Include="..\include\ulib\stream\MemoryReadStream.hpp">
      <Filter>Public Include Files\stream</Filter>
    </ClInclude>
    <ClInclude Include="..\include\ulib\stream\NullStream.hpp">
      <Filter>Public Include Files\stream</Filter>
    </ClInclude>
    <ClInclude Include="..\include\ulib\HighResolutionTimer.hpp">
      <Filter>Public Include Files</Filter>
    </ClInclude>
    <ClInclude Include="..\include\ulib\win32\Win7Taskbar.hpp">
      <Filter>Public Include Files\win32</Filter>
    </ClInclude>
    <ClInclude Include="..\include\ulib\config\CompileTimeWarningError.hpp">
      <Filter>Public Include Files\config</Filter>
    </ClInclude>
    <ClInclude Include="..\include\ulib\TraceOutputStopwatch.hpp">
      <Filter>Public Include Files</Filter>
    </ClInclude>
  </ItemGroup>
  <ItemGroup>
    <ClCompile Include="stdafx.cpp">
      <Filter>Source Files</Filter>
    </ClCompile>
    <ClCompile Include="Path.cpp">
      <Filter>Source Files</Filter>
    </ClCompile>
    <ClCompile Include="CommandLineParser.cpp">
      <Filter>Source Files</Filter>
    </ClCompile>
    <ClCompile Include="ProgramOptions.cpp">
      <Filter>Source Files</Filter>
    </ClCompile>
    <ClCompile Include="UTF8.cpp">
      <Filter>Source Files</Filter>
    </ClCompile>
    <ClCompile Include="unittest\AutoCleanupFolder.cpp">
      <Filter>Source Files\unittest</Filter>
    </ClCompile>
    <ClCompile Include="CrashReporter.cpp">
      <Filter>Source Files</Filter>
    </ClCompile>
    <ClCompile Include="thread\ReaderWriterMutex.cpp">
      <Filter>Source Files\thread</Filter>
    </ClCompile>
    <ClCompile Include="thread\Thread.cpp">
      <Filter>Source Files\thread</Filter>
    </ClCompile>
    <ClCompile Include="win32\ErrorMessage.cpp">
      <Filter>Source Files\win32</Filter>
    </ClCompile>
    <ClCompile Include="win32\ResourceData.cpp">
      <Filter>Source Files\win32</Filter>
    </ClCompile>
    <ClCompile Include="stream\FileStream.cpp">
      <Filter>Source Files\stream</Filter>
    </ClCompile>
    <ClCompile Include="stream\TextStreamFilter.cpp">
      <Filter>Source Files\stream</Filter>
    </ClCompile>
    <ClCompile Include="DateTime.cpp">
      <Filter>Source Files</Filter>
    </ClCompile>
    <ClCompile Include="ISO8601Parser.cpp">
      <Filter>Source Files</Filter>
    </ClCompile>
    <ClCompile Include="TimeSpan.cpp">
      <Filter>Source Files</Filter>
    </ClCompile>
    <ClCompile Include="TimeZone.cpp">
      <Filter>Source Files</Filter>
    </ClCompile>
    <ClCompile Include="log\Logger.cpp">
      <Filter>Source Files\log</Filter>
    </ClCompile>
    <ClCompile Include="log\PatternLayout.cpp">
      <Filter>Source Files\log</Filter>
    </ClCompile>
    <ClCompile Include="FileFinder.cpp">
      <Filter>Source Files</Filter>
    </ClCompile>
    <ClCompile Include="win32\Clipboard.cpp">
      <Filter>Source Files\win32</Filter>
    </ClCompile>
    <ClCompile Include="HighResolutionTimer.cpp">
      <Filter>Source Files</Filter>
    </ClCompile>
    <ClCompile Include="win32\Win7Taskbar.cpp">
      <Filter>Source Files\win32</Filter>
    </ClCompile>
  </ItemGroup>
  <ItemGroup>
    <None Include="packages.config" />
  </ItemGroup>
</Project>